<Solution>
  <Folder Name="/Services/" />
  <!-- NFR/IADR-0259 決定1: 単一プロジェクト＋VSA/DDD フォルダ構成へ移送済み（MSP:IADR-0282 決定1 と同一樹形。W11 段 4-7）。 -->
  <Folder Name="/Services/InformationCollectionService/">
    <Project Path="Services/InformationCollectionService/InformationCollectionService.csproj" />
    <Project Path="Services/InformationCollectionService/Tests/InformationCollectionService.Tests.csproj" />
  </Folder>
  <!-- NFR/IADR-0259 決定1: 単一プロジェクト＋VSA/DDD フォルダ構成へ移送済み（MSP:IADR-0282 決定1 と同一樹形。W11 段 4-4）。 -->
  <Folder Name="/Services/BacktestService/">
    <Project Path="Services/BacktestService/BacktestService.csproj" />
    <Project Path="Services/BacktestService/Tests/BacktestService.Tests.csproj" />
  </Folder>
  <!-- NFR/IADR-0259 決定1, IADR-0264 決定1: 単一プロジェクト＋VSA/DDD フォルダ構成へ移送済み（W11 段 4-3）。
       旧 ConfigurationService.Client（w11s4b で廃止）から複製した前提条件の解決口
       （Infrastructure/ExternalServices/）を含む。 -->
  <Folder Name="/Services/CostControlService/">
    <Project Path="Services/CostControlService/CostControlService.csproj" />
    <Project Path="Services/CostControlService/Tests/CostControlService.Tests.csproj" />
  </Folder>
  <Folder Name="/Services/ReportService/" />
  <Folder Name="/Services/ReportService/src/">
    <Project Path="Services/ReportService/src/ReportService.Domain/ReportService.Domain.csproj" />
    <Project Path="Services/ReportService/src/ReportService.Application/ReportService.Application.csproj" />
    <Project Path="Services/ReportService/src/ReportService.Infrastructure/ReportService.Infrastructure.csproj" />
    <Project Path="Services/ReportService/src/ReportService.Api/ReportService.Api.csproj" />
  </Folder>
  <Folder Name="/Services/ReportService/tests/">
    <Project Path="Services/ReportService/tests/ReportService.Domain.Tests/ReportService.Domain.Tests.csproj" />
    <Project Path="Services/ReportService/tests/ReportService.Application.Tests/ReportService.Application.Tests.csproj" />
    <Project Path="Services/ReportService/tests/ReportService.Infrastructure.Tests/ReportService.Infrastructure.Tests.csproj" />
    <Project Path="Services/ReportService/tests/ReportService.Api.Tests/ReportService.Api.Tests.csproj" />
  </Folder>
  <!-- NFR/IADR-0259 決定1, IADR-0264: 単一プロジェクト＋VSA/DDD フォルダ構成へ移送済み（W11 段 4-2）。
       他サービスへ公開していた ConfigurationService.Client は廃止し、呼び出し元 2 サービスの
       Infrastructure/ExternalServices/ へ移した（#526 / IADR-0264 決定1）。 -->
  <Folder Name="/Services/ConfigurationService/">
    <Project Path="Services/ConfigurationService/ConfigurationService.csproj" />
    <Project Path="Services/ConfigurationService/Tests/ConfigurationService.Tests.csproj" />
  </Folder>
  <!-- NFR/IADR-0259 決定1: 単一プロジェクト＋VSA/DDD フォルダ構成へ移送済み（MSP:IADR-0282 決定1 と同一樹形。W11 段 4-1）。 -->
  <Folder Name="/Services/AuditService/">
    <Project Path="Services/AuditService/AuditService.csproj" />
    <Project Path="Services/AuditService/Tests/AuditService.Tests.csproj" />
  </Folder>
  <!-- NFR/IADR-0259 決定1: 単一プロジェクト＋VSA/DDD フォルダ構成へ移送済み（MSP:IADR-0282 決定1 と同一樹形。W11 段 4-6）。 -->
  <Folder Name="/Services/NotificationService/">
    <Project Path="Services/NotificationService/NotificationService.csproj" />
    <Project Path="Services/NotificationService/Tests/NotificationService.Tests.csproj" />
  </Folder>
  <Folder Name="/Services/MarketMonitorService/">
    <Project Path="Services/MarketMonitorService/MarketMonitorService.csproj" />
    <Project Path="Services/MarketMonitorService/Tests/MarketMonitorService.Tests.csproj" />
  </Folder>
  <Folder Name="/Services/OrderExecutionService/">
    <Project Path="Services/OrderExecutionService/OrderExecutionService.csproj" />
    <Project Path="Services/OrderExecutionService/Tests/OrderExecutionService.Tests.csproj" />
  </Folder>
  <Folder Name="/Services/RiskManagementService/" />
  <Folder Name="/Services/RiskManagementService/src/">
    <Project Path="Services/RiskManagementService/src/RiskManagementService.Application/RiskManagementService.Application.csproj" />
    <Project Path="Services/RiskManagementService/src/RiskManagementService.Domain/RiskManagementService.Domain.csproj" />
    <Project Path="Services/RiskManagementService/src/RiskManagementService.Infrastructure/RiskManagementService.Infrastructure.csproj" />
    <Project Path="Services/RiskManagementService/src/RiskManagementService.Api/RiskManagementService.Api.csproj" />
  </Folder>
  <Folder Name="/Services/RiskManagementService/tests/">
    <Project Path="Services/RiskManagementService/tests/RiskManagementService.Application.Tests/RiskManagementService.Application.Tests.csproj" />
    <Project Path="Services/RiskManagementService/tests/RiskManagementService.Domain.Tests/RiskManagementService.Domain.Tests.csproj" />
    <Project Path="Services/RiskManagementService/tests/RiskManagementService.Infrastructure.Tests/RiskManagementService.Infrastructure.Tests.csproj" />
    <Project Path="Services/RiskManagementService/tests/RiskManagementService.Api.Tests/RiskManagementService.Api.Tests.csproj" />
  </Folder>
  <Folder Name="/Services/TradeDecisionService/" />
  <Folder Name="/Services/TradeDecisionService/src/">
    <Project Path="Services/TradeDecisionService/src/TradeDecisionService.Application/TradeDecisionService.Application.csproj" />
    <Project Path="Services/TradeDecisionService/src/TradeDecisionService.Domain/TradeDecisionService.Domain.csproj" />
    <Project Path="Services/TradeDecisionService/src/TradeDecisionService.Infrastructure/TradeDecisionService.Infrastructure.csproj" />
    <Project Path="Services/TradeDecisionService/src/TradeDecisionService.Api/TradeDecisionService.Api.csproj" />
  </Folder>
  <Folder Name="/Services/TradeDecisionService/tests/">
    <Project Path="Services/TradeDecisionService/tests/TradeDecisionService.Application.Tests/TradeDecisionService.Application.Tests.csproj" />
    <Project Path="Services/TradeDecisionService/tests/TradeDecisionService.Domain.Tests/TradeDecisionService.Domain.Tests.csproj" />
    <Project Path="Services/TradeDecisionService/tests/TradeDecisionService.Infrastructure.Tests/TradeDecisionService.Infrastructure.Tests.csproj" />
    <Project Path="Services/TradeDecisionService/tests/TradeDecisionService.Api.Tests/TradeDecisionService.Api.Tests.csproj" />
  </Folder>
  <Folder Name="/Bff/">
    <!-- FR-14, IADR-0063 / IADR-0091: 例外3 の unit-owned BFF エンドポイント（platform BFF 合成点から参照）。 -->
    <Project Path="Bff/AiStockTrading.Bff.Endpoints/AiStockTrading.Bff.Endpoints.csproj" />
    <Project Path="Bff/AiStockTrading.Bff.Endpoints.Tests/AiStockTrading.Bff.Endpoints.Tests.csproj" />
  </Folder>
  <Folder Name="/Shared/">
    <Project Path="Shared/AiStockTrading.Shared.Contracts/AiStockTrading.Shared.Contracts.csproj" />
    <Project Path="Shared/AiStockTrading.Shared.Contracts.Tests/AiStockTrading.Shared.Contracts.Tests.csproj" />
    <Project Path="Shared/AiStockTrading.Shared.Infrastructure/AiStockTrading.Shared.Infrastructure.csproj" />
    <Project Path="Shared/AiStockTrading.Shared.Infrastructure.Tests/AiStockTrading.Shared.Infrastructure.Tests.csproj" />
    <Project Path="Shared/AiStockTrading.Shared.KnowledgeBase/AiStockTrading.Shared.KnowledgeBase.csproj" />
    <Project Path="Shared/AiStockTrading.Shared.KnowledgeBase.Tests/AiStockTrading.Shared.KnowledgeBase.Tests.csproj" />
    <!-- NFR, IADR-0260: サービスを跨いで共有する Domain 型の共有カーネル（葉であること・外部ライブラリ依存ゼロ）。 -->
    <Project Path="Shared/AiStockTrading.Shared.Kernel/AiStockTrading.Shared.Kernel.csproj" />
    <Project Path="Shared/AiStockTrading.Shared.Kernel.Tests/AiStockTrading.Shared.Kernel.Tests.csproj" />
  </Folder>
  <Folder Name="/TestSupport/">
    <Project Path="TestSupport/AiStockTrading.TestSupport.ContractFixtures/AiStockTrading.TestSupport.ContractFixtures.csproj" />
    <Project Path="TestSupport/AiStockTrading.TestSupport.Messaging/AiStockTrading.TestSupport.Messaging.csproj" />
    <Project Path="TestSupport/AiStockTrading.TestSupport.Metrics/AiStockTrading.TestSupport.Metrics.csproj" />
    <Project Path="TestSupport/AiStockTrading.TestSupport.Messaging.Tests/AiStockTrading.TestSupport.Messaging.Tests.csproj" />
    <Project Path="TestSupport/AiStockTrading.TestSupport.PlatformShim/AiStockTrading.TestSupport.PlatformShim.csproj" />
    <Project Path="TestSupport/AiStockTrading.TestSupport.PlatformShim.Tests/AiStockTrading.TestSupport.PlatformShim.Tests.csproj" />
  </Folder>
  <Folder Name="/Tests/">
    <!-- NFR, IADR-0128: Domain 層の依存規律（platform ADR-0030）の機械的強制。 -->
    <Project Path="Tests/AiStockTrading.Architecture.Tests/AiStockTrading.Architecture.Tests.csproj" />
    <Project Path="Tests/AiStockTrading.IntegrationTests/AiStockTrading.IntegrationTests.csproj" />
  </Folder>
</Solution>
