<Solution>
  <Folder Name="/Services/" />
  <Folder Name="/Services/MarketMonitorService/" />
  <Folder Name="/Services/MarketMonitorService/src/">
    <Project Path="Services/MarketMonitorService/src/MarketMonitorService.Application/MarketMonitorService.Application.csproj" />
    <Project Path="Services/MarketMonitorService/src/MarketMonitorService.Domain/MarketMonitorService.Domain.csproj" />
    <Project Path="Services/MarketMonitorService/src/MarketMonitorService.Worker/MarketMonitorService.Worker.csproj" />
  </Folder>
  <Folder Name="/Services/MarketMonitorService/tests/">
    <Project Path="Services/MarketMonitorService/tests/MarketMonitorService.Application.Tests/MarketMonitorService.Application.Tests.csproj" />
    <Project Path="Services/MarketMonitorService/tests/MarketMonitorService.Domain.Tests/MarketMonitorService.Domain.Tests.csproj" />
    <Project Path="Services/MarketMonitorService/tests/MarketMonitorService.Worker.Tests/MarketMonitorService.Worker.Tests.csproj" />
  </Folder>
  <Folder Name="/Services/RiskManagementService/" />
  <Folder Name="/Services/RiskManagementService/src/">
    <Project Path="Services/RiskManagementService/src/RiskManagementService.Application/RiskManagementService.Application.csproj" />
    <Project Path="Services/RiskManagementService/src/RiskManagementService.Domain/RiskManagementService.Domain.csproj" />
    <Project Path="Services/RiskManagementService/src/RiskManagementService.Worker/RiskManagementService.Worker.csproj" />
  </Folder>
  <Folder Name="/Services/RiskManagementService/tests/">
    <Project Path="Services/RiskManagementService/tests/RiskManagementService.Application.Tests/RiskManagementService.Application.Tests.csproj" />
    <Project Path="Services/RiskManagementService/tests/RiskManagementService.Domain.Tests/RiskManagementService.Domain.Tests.csproj" />
    <Project Path="Services/RiskManagementService/tests/RiskManagementService.Worker.Tests/RiskManagementService.Worker.Tests.csproj" />
  </Folder>
  <Folder Name="/Shared/">
    <Project Path="Shared/AiStockTrading.Shared.Contracts/AiStockTrading.Shared.Contracts.csproj" />
    <Project Path="Shared/AiStockTrading.Shared.Infrastructure/AiStockTrading.Shared.Infrastructure.csproj" />
    <Project Path="Shared/AiStockTrading.Shared.Infrastructure.Tests/AiStockTrading.Shared.Infrastructure.Tests.csproj" />
  </Folder>
  <Folder Name="/TestSupport/">
    <Project Path="TestSupport/AiStockTrading.TestSupport.PlatformShim/AiStockTrading.TestSupport.PlatformShim.csproj" />
    <Project Path="TestSupport/AiStockTrading.TestSupport.PlatformShim.Tests/AiStockTrading.TestSupport.PlatformShim.Tests.csproj" />
  </Folder>
</Solution>
