<Solution>
  <Folder Name="/Services/" />
  <Folder Name="/Services/ConfigurationService/" />
  <Folder Name="/Services/ConfigurationService/src/">
    <Project Path="Services/ConfigurationService/src/ConfigurationService.Domain/ConfigurationService.Domain.csproj" />
    <Project Path="Services/ConfigurationService/src/ConfigurationService.Application/ConfigurationService.Application.csproj" />
    <Project Path="Services/ConfigurationService/src/ConfigurationService.Worker/ConfigurationService.Worker.csproj" />
  </Folder>
  <Folder Name="/Services/ConfigurationService/tests/">
    <Project Path="Services/ConfigurationService/tests/ConfigurationService.Domain.Tests/ConfigurationService.Domain.Tests.csproj" />
    <Project Path="Services/ConfigurationService/tests/ConfigurationService.Application.Tests/ConfigurationService.Application.Tests.csproj" />
    <Project Path="Services/ConfigurationService/tests/ConfigurationService.Worker.Tests/ConfigurationService.Worker.Tests.csproj" />
  </Folder>
  <Folder Name="/Services/AuditService/" />
  <Folder Name="/Services/AuditService/src/">
    <Project Path="Services/AuditService/src/AuditService.Application/AuditService.Application.csproj" />
    <Project Path="Services/AuditService/src/AuditService.Worker/AuditService.Worker.csproj" />
  </Folder>
  <Folder Name="/Services/AuditService/tests/">
    <Project Path="Services/AuditService/tests/AuditService.Application.Tests/AuditService.Application.Tests.csproj" />
    <Project Path="Services/AuditService/tests/AuditService.Worker.Tests/AuditService.Worker.Tests.csproj" />
  </Folder>
  <Folder Name="/Services/NotificationService/" />
  <Folder Name="/Services/NotificationService/src/">
    <Project Path="Services/NotificationService/src/NotificationService.Application/NotificationService.Application.csproj" />
    <Project Path="Services/NotificationService/src/NotificationService.Worker/NotificationService.Worker.csproj" />
  </Folder>
  <Folder Name="/Services/NotificationService/tests/">
    <Project Path="Services/NotificationService/tests/NotificationService.Application.Tests/NotificationService.Application.Tests.csproj" />
    <Project Path="Services/NotificationService/tests/NotificationService.Worker.Tests/NotificationService.Worker.Tests.csproj" />
  </Folder>
  <Folder Name="/Services/MarketMonitorService/" />
  <Folder Name="/Services/MarketMonitorService/src/">
    <Project Path="Services/MarketMonitorService/src/MarketMonitorService.Application/MarketMonitorService.Application.csproj" />
    <Project Path="Services/MarketMonitorService/src/MarketMonitorService.Domain/MarketMonitorService.Domain.csproj" />
    <Project Path="Services/MarketMonitorService/src/MarketMonitorService.Worker/MarketMonitorService.Worker.csproj" />
  </Folder>
  <Folder Name="/Services/MarketMonitorService/tests/">
    <Project Path="Services/MarketMonitorService/tests/MarketMonitorService.Application.Tests/MarketMonitorService.Application.Tests.csproj" />
    <Project Path="Services/MarketMonitorService/tests/MarketMonitorService.Domain.Tests/MarketMonitorService.Domain.Tests.csproj" />
    <Project Path="Services/MarketMonitorService/tests/MarketMonitorService.Worker.Tests/MarketMonitorService.Worker.Tests.csproj" />
  </Folder>
  <Folder Name="/Services/OrderExecutionService/" />
  <Folder Name="/Services/OrderExecutionService/src/">
    <Project Path="Services/OrderExecutionService/src/OrderExecutionService.Application/OrderExecutionService.Application.csproj" />
    <Project Path="Services/OrderExecutionService/src/OrderExecutionService.Domain/OrderExecutionService.Domain.csproj" />
    <Project Path="Services/OrderExecutionService/src/OrderExecutionService.Worker/OrderExecutionService.Worker.csproj" />
  </Folder>
  <Folder Name="/Services/OrderExecutionService/tests/">
    <Project Path="Services/OrderExecutionService/tests/OrderExecutionService.Application.Tests/OrderExecutionService.Application.Tests.csproj" />
    <Project Path="Services/OrderExecutionService/tests/OrderExecutionService.Domain.Tests/OrderExecutionService.Domain.Tests.csproj" />
    <Project Path="Services/OrderExecutionService/tests/OrderExecutionService.Worker.Tests/OrderExecutionService.Worker.Tests.csproj" />
  </Folder>
  <Folder Name="/Services/RiskManagementService/" />
  <Folder Name="/Services/RiskManagementService/src/">
    <Project Path="Services/RiskManagementService/src/RiskManagementService.Application/RiskManagementService.Application.csproj" />
    <Project Path="Services/RiskManagementService/src/RiskManagementService.Domain/RiskManagementService.Domain.csproj" />
    <Project Path="Services/RiskManagementService/src/RiskManagementService.Worker/RiskManagementService.Worker.csproj" />
  </Folder>
  <Folder Name="/Services/RiskManagementService/tests/">
    <Project Path="Services/RiskManagementService/tests/RiskManagementService.Application.Tests/RiskManagementService.Application.Tests.csproj" />
    <Project Path="Services/RiskManagementService/tests/RiskManagementService.Domain.Tests/RiskManagementService.Domain.Tests.csproj" />
    <Project Path="Services/RiskManagementService/tests/RiskManagementService.Worker.Tests/RiskManagementService.Worker.Tests.csproj" />
  </Folder>
  <Folder Name="/Services/TradeDecisionService/" />
  <Folder Name="/Services/TradeDecisionService/src/">
    <Project Path="Services/TradeDecisionService/src/TradeDecisionService.Application/TradeDecisionService.Application.csproj" />
    <Project Path="Services/TradeDecisionService/src/TradeDecisionService.Domain/TradeDecisionService.Domain.csproj" />
    <Project Path="Services/TradeDecisionService/src/TradeDecisionService.Worker/TradeDecisionService.Worker.csproj" />
  </Folder>
  <Folder Name="/Services/TradeDecisionService/tests/">
    <Project Path="Services/TradeDecisionService/tests/TradeDecisionService.Application.Tests/TradeDecisionService.Application.Tests.csproj" />
    <Project Path="Services/TradeDecisionService/tests/TradeDecisionService.Domain.Tests/TradeDecisionService.Domain.Tests.csproj" />
    <Project Path="Services/TradeDecisionService/tests/TradeDecisionService.Worker.Tests/TradeDecisionService.Worker.Tests.csproj" />
  </Folder>
  <Folder Name="/Shared/">
    <Project Path="Shared/AiStockTrading.Shared.Contracts/AiStockTrading.Shared.Contracts.csproj" />
    <Project Path="Shared/AiStockTrading.Shared.Infrastructure/AiStockTrading.Shared.Infrastructure.csproj" />
    <Project Path="Shared/AiStockTrading.Shared.Infrastructure.Tests/AiStockTrading.Shared.Infrastructure.Tests.csproj" />
  </Folder>
  <Folder Name="/TestSupport/">
    <Project Path="TestSupport/AiStockTrading.TestSupport.PlatformShim/AiStockTrading.TestSupport.PlatformShim.csproj" />
    <Project Path="TestSupport/AiStockTrading.TestSupport.PlatformShim.Tests/AiStockTrading.TestSupport.PlatformShim.Tests.csproj" />
  </Folder>
</Solution>
